
Microsoft Visual Studio Solution File, Format Version 12.00
# Visual Studio Version 17
VisualStudioVersion = 17.10.35201.131
MinimumVisualStudioVersion = 10.0.40219.1
Project("{8BC9CEB8-8B4A-11D0-8D11-00A0C91BC942}") = "SquentialList", "SquentialList\SquentialList.vcxproj", "{34B8C3AE-2040-4D56-AC8F-F2E6902D50F2}"
EndProject
Global
	GlobalSection(SolutionConfigurationPlatforms) = preSolution
		Debug|x64 = Debug|x64
		Debug|x86 = Debug|x86
		Release|x64 = Release|x64
		Release|x86 = Release|x86
	EndGlobalSection
	GlobalSection(ProjectConfigurationPlatforms) = postSolution
		{34B8C3AE-2040-4D56-AC8F-F2E6902D50F2}.Debug|x64.ActiveCfg = Debug|x64
		{34B8C3AE-2040-4D56-AC8F-F2E6902D50F2}.Debug|x64.Build.0 = Debug|x64
		{34B8C3AE-2040-4D56-AC8F-F2E6902D50F2}.Debug|x86.ActiveCfg = Debug|Win32
		{34B8C3AE-2040-4D56-AC8F-F2E6902D50F2}.Debug|x86.Build.0 = Debug|Win32
		{34B8C3AE-2040-4D56-AC8F-F2E6902D50F2}.Release|x64.ActiveCfg = Release|x64
		{34B8C3AE-2040-4D56-AC8F-F2E6902D50F2}.Release|x64.Build.0 = Release|x64
		{34B8C3AE-2040-4D56-AC8F-F2E6902D50F2}.Release|x86.ActiveCfg = Release|Win32
		{34B8C3AE-2040-4D56-AC8F-F2E6902D50F2}.Release|x86.Build.0 = Release|Win32
	EndGlobalSection
	GlobalSection(SolutionProperties) = preSolution
		HideSolutionNode = FALSE
	EndGlobalSection
	GlobalSection(ExtensibilityGlobals) = postSolution
		SolutionGuid = {4461E33D-1C87-447F-9334-CE1AE8819F97}
	EndGlobalSection
EndGlobal
